# THIS IS AN AUTOGENERATED FILE. DO NOT EDIT THIS FILE DIRECTLY.
# yarn lockfile v1


excel-export@~0.3.11:
  version "0.3.11"
  resolved "https://registry.npm.taobao.org/excel-export/download/excel-export-0.3.11.tgz#6bf6b9d65555ebe3f0daeaa5732f7b69986a7eb4"
  integrity sha1-a/a51lVV6+Pw2uqlcy97aZhqfrQ=
  dependencies:
    node-zip "1.x"

json2xls@^0.1.2:
  version "0.1.2"
  resolved "https://registry.npm.taobao.org/json2xls/download/json2xls-0.1.2.tgz#37358ed82a8fcaf92bb3b24d8759ac57e394e017"
  integrity sha1-NzWO2CqPyvkrs7JNh1msV+OU4Bc=
  dependencies:
    excel-export "~0.3.11"

jszip@2.5.0:
  version "2.5.0"
  resolved "https://registry.npm.taobao.org/jszip/download/jszip-2.5.0.tgz?cache=0&sync_timestamp=1592170674541&other_urls=https%3A%2F%2Fregistry.npm.taobao.org%2Fjszip%2Fdownload%2Fjszip-2.5.0.tgz#7444fd8551ddf3e5da7198fea0c91bc8308cc274"
  integrity sha1-dET9hVHd8+XacZj+oMkbyDCMwnQ=
  dependencies:
    pako "~0.2.5"

node-zip@1.x:
  version "1.1.1"
  resolved "https://registry.npm.taobao.org/node-zip/download/node-zip-1.1.1.tgz#94d1ad674a3cd46a1588dd736f4a9a78c757eb62"
  integrity sha1-lNGtZ0o81GoViN1zb0qaeMdX62I=
  dependencies:
    jszip "2.5.0"

pako@~0.2.5:
  version "0.2.9"
  resolved "https://registry.npm.taobao.org/pako/download/pako-0.2.9.tgz#f3f7522f4ef782348da8161bad9ecfd51bf83a75"
  integrity sha1-8/dSL073gjSNqBYbrZ7P1Rv4OnU=
